
Microsoft Visual Studio Solution File, Format Version 12.00
# Visual Studio Version 17
VisualStudioVersion = 17.6.33829.357
MinimumVisualStudioVersion = 10.0.40219.1
Project("{FAE04EC0-301F-11D3-BF4B-00C04F79EFBC}") = "Calculator", "Calculator\Calculator.csproj", "{B98E6854-77DD-4F28-A7AD-D67DF254E9CE}"
EndProject
Project("{FAE04EC0-301F-11D3-BF4B-00C04F79EFBC}") = "Calculator.Tests", "Calculator.Tests\Calculator.Tests.csproj", "{4BF07794-ECCB-4718-84F6-57FE9C4E4A7C}"
EndProject
Global
	GlobalSection(SolutionConfigurationPlatforms) = preSolution
		Debug|Any CPU = Debug|Any CPU
		Release|Any CPU = Release|Any CPU
	EndGlobalSection
	GlobalSection(ProjectConfigurationPlatforms) = postSolution
		{B98E6854-77DD-4F28-A7AD-D67DF254E9CE}.Debug|Any CPU.ActiveCfg = Debug|Any CPU
		{B98E6854-77DD-4F28-A7AD-D67DF254E9CE}.Debug|Any CPU.Build.0 = Debug|Any CPU
		{B98E6854-77DD-4F28-A7AD-D67DF254E9CE}.Release|Any CPU.ActiveCfg = Release|Any CPU
		{B98E6854-77DD-4F28-A7AD-D67DF254E9CE}.Release|Any CPU.Build.0 = Release|Any CPU
		{4BF07794-ECCB-4718-84F6-57FE9C4E4A7C}.Debug|Any CPU.ActiveCfg = Debug|Any CPU
		{4BF07794-ECCB-4718-84F6-57FE9C4E4A7C}.Debug|Any CPU.Build.0 = Debug|Any CPU
		{4BF07794-ECCB-4718-84F6-57FE9C4E4A7C}.Release|Any CPU.ActiveCfg = Release|Any CPU
		{4BF07794-ECCB-4718-84F6-57FE9C4E4A7C}.Release|Any CPU.Build.0 = Release|Any CPU
	EndGlobalSection
	GlobalSection(SolutionProperties) = preSolution
		HideSolutionNode = FALSE
	EndGlobalSection
	GlobalSection(ExtensibilityGlobals) = postSolution
		SolutionGuid = {DD6BD8DB-AF10-4518-B5AC-EF344817BFCF}
	EndGlobalSection
EndGlobal
